// !$*UTF8*$!
{
	archiveVersion = 1;
	classes = {
	};
	objectVersion = 56;
	objects = {

/* Begin PBXBuildFile section */
		1E6B072D2A5D6E20001A4386 /* OrderView.swift in Sources */ = {isa = PBXBuildFile; fileRef = 1E6B072C2A5D6E20001A4386 /* OrderView.swift */; };
		1EA6D12C2A55D7EC008944C0 /* HWSSwiftUIByExampleApp.swift in Sources */ = {isa = PBXBuildFile; fileRef = 1EA6D12B2A55D7EC008944C0 /* HWSSwiftUIByExampleApp.swift */; };
		1EA6D12E2A55D7EC008944C0 /* ContentView.swift in Sources */ = {isa = PBXBuildFile; fileRef = 1EA6D12D2A55D7EC008944C0 /* ContentView.swift */; };
		1EA6D1302A55D7EC008944C0 /* Assets.xcassets in Resources */ = {isa = PBXBuildFile; fileRef = 1EA6D12F2A55D7EC008944C0 /* Assets.xcassets */; };
		1EA6D1332A55D7EC008944C0 /* Preview Assets.xcassets in Resources */ = {isa = PBXBuildFile; fileRef = 1EA6D1322A55D7EC008944C0 /* Preview Assets.xcassets */; };
		1EA6D13A2A56F525008944C0 /* Helper.swift in Sources */ = {isa = PBXBuildFile; fileRef = 1EA6D1392A56F525008944C0 /* Helper.swift */; };
		1EA6D13D2A56F59C008944C0 /* Menu.swift in Sources */ = {isa = PBXBuildFile; fileRef = 1EA6D13B2A56F59C008944C0 /* Menu.swift */; };
		1EA6D13E2A56F59C008944C0 /* Order.swift in Sources */ = {isa = PBXBuildFile; fileRef = 1EA6D13C2A56F59C008944C0 /* Order.swift */; };
		1EA6D1402A56F5EC008944C0 /* menu.json in Resources */ = {isa = PBXBuildFile; fileRef = 1EA6D13F2A56F5EC008944C0 /* menu.json */; };
		1EA6D1422A57054B008944C0 /* ItemRow.swift in Sources */ = {isa = PBXBuildFile; fileRef = 1EA6D1412A57054B008944C0 /* ItemRow.swift */; };
		1EA6D1442A573F98008944C0 /* ItemDetail.swift in Sources */ = {isa = PBXBuildFile; fileRef = 1EA6D1432A573F98008944C0 /* ItemDetail.swift */; };
/* End PBXBuildFile section */

/* Begin PBXFileReference section */
		1E6B072C2A5D6E20001A4386 /* OrderView.swift */ = {isa = PBXFileReference; lastKnownFileType = sourcecode.swift; path = OrderView.swift; sourceTree = "<group>"; };
		1EA6D1282A55D7EC008944C0 /* HWSSwiftUIByExample.app */ = {isa = PBXFileReference; explicitFileType = wrapper.application; includeInIndex = 0; path = HWSSwiftUIByExample.app; sourceTree = BUILT_PRODUCTS_DIR; };
		1EA6D12B2A55D7EC008944C0 /* HWSSwiftUIByExampleApp.swift */ = {isa = PBXFileReference; lastKnownFileType = sourcecode.swift; path = HWSSwiftUIByExampleApp.swift; sourceTree = "<group>"; };
		1EA6D12D2A55D7EC008944C0 /* ContentView.swift */ = {isa = PBXFileReference; lastKnownFileType = sourcecode.swift; path = ContentView.swift; sourceTree = "<group>"; };
		1EA6D12F2A55D7EC008944C0 /* Assets.xcassets */ = {isa = PBXFileReference; lastKnownFileType = folder.assetcatalog; path = Assets.xcassets; sourceTree = "<group>"; };
		1EA6D1322A55D7EC008944C0 /* Preview Assets.xcassets */ = {isa = PBXFileReference; lastKnownFileType = folder.assetcatalog; path = "Preview Assets.xcassets"; sourceTree = "<group>"; };
		1EA6D1392A56F525008944C0 /* Helper.swift */ = {isa = PBXFileReference; fileEncoding = 4; lastKnownFileType = sourcecode.swift; path = Helper.swift; sourceTree = "<group>"; };
		1EA6D13B2A56F59C008944C0 /* Menu.swift */ = {isa = PBXFileReference; fileEncoding = 4; lastKnownFileType = sourcecode.swift; path = Menu.swift; sourceTree = "<group>"; };
		1EA6D13C2A56F59C008944C0 /* Order.swift */ = {isa = PBXFileReference; fileEncoding = 4; lastKnownFileType = sourcecode.swift; path = Order.swift; sourceTree = "<group>"; };
		1EA6D13F2A56F5EC008944C0 /* menu.json */ = {isa = PBXFileReference; fileEncoding = 4; lastKnownFileType = text.json; path = menu.json; sourceTree = "<group>"; };
		1EA6D1412A57054B008944C0 /* ItemRow.swift */ = {isa = PBXFileReference; lastKnownFileType = sourcecode.swift; path = ItemRow.swift; sourceTree = "<group>"; };
		1EA6D1432A573F98008944C0 /* ItemDetail.swift */ = {isa = PBXFileReference; lastKnownFileType = sourcecode.swift; path = ItemDetail.swift; sourceTree = "<group>"; };
/* End PBXFileReference section */

/* Begin PBXFrameworksBuildPhase section */
		1EA6D1252A55D7EC008944C0 /* Frameworks */ = {
			isa = PBXFrameworksBuildPhase;
			buildActionMask = 2147483647;
			files = (
			);
			runOnlyForDeploymentPostprocessing = 0;
		};
/* End PBXFrameworksBuildPhase section */

/* Begin PBXGroup section */
		1EA6D11F2A55D7EC008944C0 = {
			isa = PBXGroup;
			children = (
				1EA6D12A2A55D7EC008944C0 /* HWSSwiftUIByExample */,
				1EA6D1292A55D7EC008944C0 /* Products */,
			);
			sourceTree = "<group>";
		};
		1EA6D1292A55D7EC008944C0 /* Products */ = {
			isa = PBXGroup;
			children = (
				1EA6D1282A55D7EC008944C0 /* HWSSwiftUIByExample.app */,
			);
			name = Products;
			sourceTree = "<group>";
		};
		1EA6D12A2A55D7EC008944C0 /* HWSSwiftUIByExample */ = {
			isa = PBXGroup;
			children = (
				1EA6D12B2A55D7EC008944C0 /* HWSSwiftUIByExampleApp.swift */,
				1EA6D12D2A55D7EC008944C0 /* ContentView.swift */,
				1EA6D1432A573F98008944C0 /* ItemDetail.swift */,
				1EA6D1412A57054B008944C0 /* ItemRow.swift */,
				1EA6D1392A56F525008944C0 /* Helper.swift */,
				1EA6D13B2A56F59C008944C0 /* Menu.swift */,
				1EA6D13C2A56F59C008944C0 /* Order.swift */,
				1E6B072C2A5D6E20001A4386 /* OrderView.swift */,
				1EA6D13F2A56F5EC008944C0 /* menu.json */,
				1EA6D12F2A55D7EC008944C0 /* Assets.xcassets */,
				1EA6D1312A55D7EC008944C0 /* Preview Content */,
			);
			path = HWSSwiftUIByExample;
			sourceTree = "<group>";
		};
		1EA6D1312A55D7EC008944C0 /* Preview Content */ = {
			isa = PBXGroup;
			children = (
				1EA6D1322A55D7EC008944C0 /* Preview Assets.xcassets */,
			);
			path = "Preview Content";
			sourceTree = "<group>";
		};
/* End PBXGroup section */

/* Begin PBXNativeTarget section */
		1EA6D1272A55D7EC008944C0 /* HWSSwiftUIByExample */ = {
			isa = PBXNativeTarget;
			buildConfigurationList = 1EA6D1362A55D7EC008944C0 /* Build configuration list for PBXNativeTarget "HWSSwiftUIByExample" */;
			buildPhases = (
				1EA6D1242A55D7EC008944C0 /* Sources */,
				1EA6D1252A55D7EC008944C0 /* Frameworks */,
				1EA6D1262A55D7EC008944C0 /* Resources */,
			);
			buildRules = (
			);
			dependencies = (
			);
			name = HWSSwiftUIByExample;
			productName = HWSSwiftUIByExample;
			productReference = 1EA6D1282A55D7EC008944C0 /* HWSSwiftUIByExample.app */;
			productType = "com.apple.product-type.application";
		};
/* End PBXNativeTarget section */

/* Begin PBXProject section */
		1EA6D1202A55D7EC008944C0 /* Project object */ = {
			isa = PBXProject;
			attributes = {
				BuildIndependentTargetsInParallel = 1;
				LastSwiftUpdateCheck = 1430;
				LastUpgradeCheck = 1430;
				TargetAttributes = {
					1EA6D1272A55D7EC008944C0 = {
						CreatedOnToolsVersion = 14.3.1;
					};
				};
			};
			buildConfigurationList = 1EA6D1232A55D7EC008944C0 /* Build configuration list for PBXProject "HWSSwiftUIByExample" */;
			compatibilityVersion = "Xcode 14.0";
			developmentRegion = en;
			hasScannedForEncodings = 0;
			knownRegions = (
				en,
				Base,
			);
			mainGroup = 1EA6D11F2A55D7EC008944C0;
			productRefGroup = 1EA6D1292A55D7EC008944C0 /* Products */;
			projectDirPath = "";
			projectRoot = "";
			targets = (
				1EA6D1272A55D7EC008944C0 /* HWSSwiftUIByExample */,
			);
		};
/* End PBXProject section */

/* Begin PBXResourcesBuildPhase section */
		1EA6D1262A55D7EC008944C0 /* Resources */ = {
			isa = PBXResourcesBuildPhase;
			buildActionMask = 2147483647;
			files = (
				1EA6D1402A56F5EC008944C0 /* menu.json in Resources */,
				1EA6D1332A55D7EC008944C0 /* Preview Assets.xcassets in Resources */,
				1EA6D1302A55D7EC008944C0 /* Assets.xcassets in Resources */,
			);
			runOnlyForDeploymentPostprocessing = 0;
		};
/* End PBXResourcesBuildPhase section */

/* Begin PBXSourcesBuildPhase section */
		1EA6D1242A55D7EC008944C0 /* Sources */ = {
			isa = PBXSourcesBuildPhase;
			buildActionMask = 2147483647;
			files = (
				1EA6D1442A573F98008944C0 /* ItemDetail.swift in Sources */,
				1E6B072D2A5D6E20001A4386 /* OrderView.swift in Sources */,
				1EA6D12E2A55D7EC008944C0 /* ContentView.swift in Sources */,
				1EA6D12C2A55D7EC008944C0 /* HWSSwiftUIByExampleApp.swift in Sources */,
				1EA6D13E2A56F59C008944C0 /* Order.swift in Sources */,
				1EA6D1422A57054B008944C0 /* ItemRow.swift in Sources */,
				1EA6D13D2A56F59C008944C0 /* Menu.swift in Sources */,
				1EA6D13A2A56F525008944C0 /* Helper.swift in Sources */,
			);
			runOnlyForDeploymentPostprocessing = 0;
		};
/* End PBXSourcesBuildPhase section */

/* Begin XCBuildConfiguration section */
		1EA6D1342A55D7EC008944C0 /* Debug */ = {
			isa = XCBuildConfiguration;
			buildSettings = {
				ALWAYS_SEARCH_USER_PATHS = NO;
				CLANG_ANALYZER_NONNULL = YES;
				CLANG_ANALYZER_NUMBER_OBJECT_CONVERSION = YES_AGGRESSIVE;
				CLANG_CXX_LANGUAGE_STANDARD = "gnu++20";
				CLANG_ENABLE_MODULES = YES;
				CLANG_ENABLE_OBJC_ARC = YES;
				CLANG_ENABLE_OBJC_WEAK = YES;
				CLANG_WARN_BLOCK_CAPTURE_AUTORELEASING = YES;
				CLANG_WARN_BOOL_CONVERSION = YES;
				CLANG_WARN_COMMA = YES;
				CLANG_WARN_CONSTANT_CONVERSION = YES;
				CLANG_WARN_DEPRECATED_OBJC_IMPLEMENTATIONS = YES;
				CLANG_WARN_DIRECT_OBJC_ISA_USAGE = YES_ERROR;
				CLANG_WARN_DOCUMENTATION_COMMENTS = YES;
				CLANG_WARN_EMPTY_BODY = YES;
				CLANG_WARN_ENUM_CONVERSION = YES;
				CLANG_WARN_INFINITE_RECURSION = YES;
				CLANG_WARN_INT_CONVERSION = YES;
				CLANG_WARN_NON_LITERAL_NULL_CONVERSION = YES;
				CLANG_WARN_OBJC_IMPLICIT_RETAIN_SELF = YES;
				CLANG_WARN_OBJC_LITERAL_CONVERSION = YES;
				CLANG_WARN_OBJC_ROOT_CLASS = YES_ERROR;
				CLANG_WARN_QUOTED_INCLUDE_IN_FRAMEWORK_HEADER = YES;
				CLANG_WARN_RANGE_LOOP_ANALYSIS = YES;
				CLANG_WARN_STRICT_PROTOTYPES = YES;
				CLANG_WARN_SUSPICIOUS_MOVE = YES;
				CLANG_WARN_UNGUARDED_AVAILABILITY = YES_AGGRESSIVE;
				CLANG_WARN_UNREACHABLE_CODE = YES;
				CLANG_WARN__DUPLICATE_METHOD_MATCH = YES;
				COPY_PHASE_STRIP = NO;
				DEBUG_INFORMATION_FORMAT = dwarf;
				ENABLE_STRICT_OBJC_MSGSEND = YES;
				ENABLE_TESTABILITY = YES;
				GCC_C_LANGUAGE_STANDARD = gnu11;
				GCC_DYNAMIC_NO_PIC = NO;
				GCC_NO_COMMON_BLOCKS = YES;
				GCC_OPTIMIZATION_LEVEL = 0;
				GCC_PREPROCESSOR_DEFINITIONS = (
					"DEBUG=1",
					"$(inherited)",
				);
				GCC_WARN_64_TO_32_BIT_CONVERSION = YES;
				GCC_WARN_ABOUT_RETURN_TYPE = YES_ERROR;
				GCC_WARN_UNDECLARED_SELECTOR = YES;
				GCC_WARN_UNINITIALIZED_AUTOS = YES_AGGRESSIVE;
				GCC_WARN_UNUSED_FUNCTION = YES;
				GCC_WARN_UNUSED_VARIABLE = YES;
				IPHONEOS_DEPLOYMENT_TARGET = 16.4;
				MTL_ENABLE_DEBUG_INFO = INCLUDE_SOURCE;
				MTL_FAST_MATH = YES;
				ONLY_ACTIVE_ARCH = YES;
				SDKROOT = iphoneos;
				SWIFT_ACTIVE_COMPILATION_CONDITIONS = DEBUG;
				SWIFT_OPTIMIZATION_LEVEL = "-Onone";
			};
			name = Debug;
		};
		1EA6D1352A55D7EC008944C0 /* Release */ = {
			isa = XCBuildConfiguration;
			buildSettings = {
				ALWAYS_SEARCH_USER_PATHS = NO;
				CLANG_ANALYZER_NONNULL = YES;
				CLANG_ANALYZER_NUMBER_OBJECT_CONVERSION = YES_AGGRESSIVE;
				CLANG_CXX_LANGUAGE_STANDARD = "gnu++20";
				CLANG_ENABLE_MODULES = YES;
				CLANG_ENABLE_OBJC_ARC = YES;
				CLANG_ENABLE_OBJC_WEAK = YES;
				CLANG_WARN_BLOCK_CAPTURE_AUTORELEASING = YES;
				CLANG_WARN_BOOL_CONVERSION = YES;
				CLANG_WARN_COMMA = YES;
				CLANG_WARN_CONSTANT_CONVERSION = YES;
				CLANG_WARN_DEPRECATED_OBJC_IMPLEMENTATIONS = YES;
				CLANG_WARN_DIRECT_OBJC_ISA_USAGE = YES_ERROR;
				CLANG_WARN_DOCUMENTATION_COMMENTS = YES;
				CLANG_WARN_EMPTY_BODY = YES;
				CLANG_WARN_ENUM_CONVERSION = YES;
				CLANG_WARN_INFINITE_RECURSION = YES;
				CLANG_WARN_INT_CONVERSION = YES;
				CLANG_WARN_NON_LITERAL_NULL_CONVERSION = YES;
				CLANG_WARN_OBJC_IMPLICIT_RETAIN_SELF = YES;
				CLANG_WARN_OBJC_LITERAL_CONVERSION = YES;
				CLANG_WARN_OBJC_ROOT_CLASS = YES_ERROR;
				CLANG_WARN_QUOTED_INCLUDE_IN_FRAMEWORK_HEADER = YES;
				CLANG_WARN_RANGE_LOOP_ANALYSIS = YES;
				CLANG_WARN_STRICT_PROTOTYPES = YES;
				CLANG_WARN_SUSPICIOUS_MOVE = YES;
				CLANG_WARN_UNGUARDED_AVAILABILITY = YES_AGGRESSIVE;
				CLANG_WARN_UNREACHABLE_CODE = YES;
				CLANG_WARN__DUPLICATE_METHOD_MATCH = YES;
				COPY_PHASE_STRIP = NO;
				DEBUG_INFORMATION_FORMAT = "dwarf-with-dsym";
				ENABLE_NS_ASSERTIONS = NO;
				ENABLE_STRICT_OBJC_MSGSEND = YES;
				GCC_C_LANGUAGE_STANDARD = gnu11;
				GCC_NO_COMMON_BLOCKS = YES;
				GCC_WARN_64_TO_32_BIT_CONVERSION = YES;
				GCC_WARN_ABOUT_RETURN_TYPE = YES_ERROR;
				GCC_WARN_UNDECLARED_SELECTOR = YES;
				GCC_WARN_UNINITIALIZED_AUTOS = YES_AGGRESSIVE;
				GCC_WARN_UNUSED_FUNCTION = YES;
				GCC_WARN_UNUSED_VARIABLE = YES;
				IPHONEOS_DEPLOYMENT_TARGET = 16.4;
				MTL_ENABLE_DEBUG_INFO = NO;
				MTL_FAST_MATH = YES;
				SDKROOT = iphoneos;
				SWIFT_COMPILATION_MODE = wholemodule;
				SWIFT_OPTIMIZATION_LEVEL = "-O";
				VALIDATE_PRODUCT = YES;
			};
			name = Release;
		};
		1EA6D1372A55D7EC008944C0 /* Debug */ = {
			isa = XCBuildConfiguration;
			buildSettings = {
				ASSETCATALOG_COMPILER_APPICON_NAME = AppIcon;
				ASSETCATALOG_COMPILER_GLOBAL_ACCENT_COLOR_NAME = AccentColor;
				CODE_SIGN_STYLE = Automatic;
				CURRENT_PROJECT_VERSION = 1;
				DEVELOPMENT_ASSET_PATHS = "\"HWSSwiftUIByExample/Preview Content\"";
				DEVELOPMENT_TEAM = 44ST363BTK;
				ENABLE_PREVIEWS = YES;
				GENERATE_INFOPLIST_FILE = YES;
				INFOPLIST_KEY_UIApplicationSceneManifest_Generation = YES;
				INFOPLIST_KEY_UIApplicationSupportsIndirectInputEvents = YES;
				INFOPLIST_KEY_UILaunchScreen_Generation = YES;
				INFOPLIST_KEY_UISupportedInterfaceOrientations_iPad = "UIInterfaceOrientationPortrait UIInterfaceOrientationPortraitUpsideDown UIInterfaceOrientationLandscapeLeft UIInterfaceOrientationLandscapeRight";
				INFOPLIST_KEY_UISupportedInterfaceOrientations_iPhone = "UIInterfaceOrientationPortrait UIInterfaceOrientationLandscapeLeft UIInterfaceOrientationLandscapeRight";
				LD_RUNPATH_SEARCH_PATHS = (
					"$(inherited)",
					"@executable_path/Frameworks",
				);
				MARKETING_VERSION = 1.0;
				PRODUCT_BUNDLE_IDENTIFIER = itlabs.tec.br.HWSSwiftUIByExample;
				PRODUCT_NAME = "$(TARGET_NAME)";
				SWIFT_EMIT_LOC_STRINGS = YES;
				SWIFT_VERSION = 5.0;
				TARGETED_DEVICE_FAMILY = "1,2";
			};
			name = Debug;
		};
		1EA6D1382A55D7EC008944C0 /* Release */ = {
			isa = XCBuildConfiguration;
			buildSettings = {
				ASSETCATALOG_COMPILER_APPICON_NAME = AppIcon;
				ASSETCATALOG_COMPILER_GLOBAL_ACCENT_COLOR_NAME = AccentColor;
				CODE_SIGN_STYLE = Automatic;
				CURRENT_PROJECT_VERSION = 1;
				DEVELOPMENT_ASSET_PATHS = "\"HWSSwiftUIByExample/Preview Content\"";
				DEVELOPMENT_TEAM = 44ST363BTK;
				ENABLE_PREVIEWS = YES;
				GENERATE_INFOPLIST_FILE = YES;
				INFOPLIST_KEY_UIApplicationSceneManifest_Generation = YES;
				INFOPLIST_KEY_UIApplicationSupportsIndirectInputEvents = YES;
				INFOPLIST_KEY_UILaunchScreen_Generation = YES;
				INFOPLIST_KEY_UISupportedInterfaceOrientations_iPad = "UIInterfaceOrientationPortrait UIInterfaceOrientationPortraitUpsideDown UIInterfaceOrientationLandscapeLeft UIInterfaceOrientationLandscapeRight";
				INFOPLIST_KEY_UISupportedInterfaceOrientations_iPhone = "UIInterfaceOrientationPortrait UIInterfaceOrientationLandscapeLeft UIInterfaceOrientationLandscapeRight";
				LD_RUNPATH_SEARCH_PATHS = (
					"$(inherited)",
					"@executable_path/Frameworks",
				);
				MARKETING_VERSION = 1.0;
				PRODUCT_BUNDLE_IDENTIFIER = itlabs.tec.br.HWSSwiftUIByExample;
				PRODUCT_NAME = "$(TARGET_NAME)";
				SWIFT_EMIT_LOC_STRINGS = YES;
				SWIFT_VERSION = 5.0;
				TARGETED_DEVICE_FAMILY = "1,2";
			};
			name = Release;
		};
/* End XCBuildConfiguration section */

/* Begin XCConfigurationList section */
		1EA6D1232A55D7EC008944C0 /* Build configuration list for PBXProject "HWSSwiftUIByExample" */ = {
			isa = XCConfigurationList;
			buildConfigurations = (
				1EA6D1342A55D7EC008944C0 /* Debug */,
				1EA6D1352A55D7EC008944C0 /* Release */,
			);
			defaultConfigurationIsVisible = 0;
			defaultConfigurationName = Release;
		};
		1EA6D1362A55D7EC008944C0 /* Build configuration list for PBXNativeTarget "HWSSwiftUIByExample" */ = {
			isa = XCConfigurationList;
			buildConfigurations = (
				1EA6D1372A55D7EC008944C0 /* Debug */,
				1EA6D1382A55D7EC008944C0 /* Release */,
			);
			defaultConfigurationIsVisible = 0;
			defaultConfigurationName = Release;
		};
/* End XCConfigurationList section */
	};
	rootObject = 1EA6D1202A55D7EC008944C0 /* Project object */;
}
